Microsoft Visual Studio Solution File, Format Version 12.00
# Visual Studio Version 17
VisualStudioVersion = 17.5.2.0
MinimumVisualStudioVersion = 10.0.40219.1
Project("{FAE04EC0-301F-11D3-BF4B-00C04F79EFBC}") = "ColorThemes", "ColorThemes.csproj", "{BC0B6EBA-64D1-DDB9-52D0-B198B50971BE}"
EndProject
Global
	GlobalSection(SolutionConfigurationPlatforms) = preSolution
		Debug|Any CPU = Debug|Any CPU
		Release|Any CPU = Release|Any CPU
	EndGlobalSection
	GlobalSection(ProjectConfigurationPlatforms) = postSolution
		{BC0B6EBA-64D1-DDB9-52D0-B198B50971BE}.Debug|Any CPU.ActiveCfg = Debug|Any CPU
		{BC0B6EBA-64D1-DDB9-52D0-B198B50971BE}.Debug|Any CPU.Build.0 = Debug|Any CPU
		{BC0B6EBA-64D1-DDB9-52D0-B198B50971BE}.Release|Any CPU.ActiveCfg = Release|Any CPU
		{BC0B6EBA-64D1-DDB9-52D0-B198B50971BE}.Release|Any CPU.Build.0 = Release|Any CPU
	EndGlobalSection
	GlobalSection(SolutionProperties) = preSolution
		HideSolutionNode = FALSE
	EndGlobalSection
	GlobalSection(ExtensibilityGlobals) = postSolution
		SolutionGuid = {7D989EA1-E7C0-41F5-8351-90BBB957B84E}
	EndGlobalSection
EndGlobal
